<Solution>
  <Project Path="HIMS.API/TTMS.API.csproj" />
  <Project Path="HIMS.Core/TTMS.Core.csproj" />
  <Project Path="HIMS.Data/TTMS.Data.csproj" />
  <Project Path="HIMS.Domains/TTMS.Domains.csproj" />
  <Project Path="HIMS.Models/TTMS.Models.csproj" />
  <Project Path="HIMS.Test/TTMS.Testes.csproj" />
</Solution>
